
Microsoft Visual Studio Solution File, Format Version 12.00
# Visual Studio Version 17
VisualStudioVersion = 17.3.32825.248
MinimumVisualStudioVersion = 10.0.40219.1
Project("{FAE04EC0-301F-11D3-BF4B-00C04F79EFBC}") = "P01.MathOperations", "P01.MathOperations\P01.MathOperations.csproj", "{60B8C8D8-0FF7-43B7-B469-284B08FA65DD}"
EndProject
Project("{FAE04EC0-301F-11D3-BF4B-00C04F79EFBC}") = "P02.Animals", "P02.Animals\P02.Animals.csproj", "{EC05A186-F692-446E-B90E-7886DBF2D544}"
EndProject
Project("{FAE04EC0-301F-11D3-BF4B-00C04F79EFBC}") = "P03.Shapes", "P03.Shapes\P03.Shapes.csproj", "{FAC773D6-6550-4705-95ED-BBBDAF715D5A}"
EndProject
Global
	GlobalSection(SolutionConfigurationPlatforms) = preSolution
		Debug|Any CPU = Debug|Any CPU
		Release|Any CPU = Release|Any CPU
	EndGlobalSection
	GlobalSection(ProjectConfigurationPlatforms) = postSolution
		{60B8C8D8-0FF7-43B7-B469-284B08FA65DD}.Debug|Any CPU.ActiveCfg = Debug|Any CPU
		{60B8C8D8-0FF7-43B7-B469-284B08FA65DD}.Debug|Any CPU.Build.0 = Debug|Any CPU
		{60B8C8D8-0FF7-43B7-B469-284B08FA65DD}.Release|Any CPU.ActiveCfg = Release|Any CPU
		{60B8C8D8-0FF7-43B7-B469-284B08FA65DD}.Release|Any CPU.Build.0 = Release|Any CPU
		{EC05A186-F692-446E-B90E-7886DBF2D544}.Debug|Any CPU.ActiveCfg = Debug|Any CPU
		{EC05A186-F692-446E-B90E-7886DBF2D544}.Debug|Any CPU.Build.0 = Debug|Any CPU
		{EC05A186-F692-446E-B90E-7886DBF2D544}.Release|Any CPU.ActiveCfg = Release|Any CPU
		{EC05A186-F692-446E-B90E-7886DBF2D544}.Release|Any CPU.Build.0 = Release|Any CPU
		{FAC773D6-6550-4705-95ED-BBBDAF715D5A}.Debug|Any CPU.ActiveCfg = Debug|Any CPU
		{FAC773D6-6550-4705-95ED-BBBDAF715D5A}.Debug|Any CPU.Build.0 = Debug|Any CPU
		{FAC773D6-6550-4705-95ED-BBBDAF715D5A}.Release|Any CPU.ActiveCfg = Release|Any CPU
		{FAC773D6-6550-4705-95ED-BBBDAF715D5A}.Release|Any CPU.Build.0 = Release|Any CPU
	EndGlobalSection
	GlobalSection(SolutionProperties) = preSolution
		HideSolutionNode = FALSE
	EndGlobalSection
	GlobalSection(ExtensibilityGlobals) = postSolution
		SolutionGuid = {82255A48-6FB3-4320-848E-8942FF2C70BC}
	EndGlobalSection
EndGlobal
