
Microsoft Visual Studio Solution File, Format Version 12.00
# Visual Studio Version 17
VisualStudioVersion = 17.3.32825.248
MinimumVisualStudioVersion = 10.0.40219.1
Project("{FAE04EC0-301F-11D3-BF4B-00C04F79EFBC}") = "SoftUni Logger", "Logger\SoftUni Logger.csproj", "{40426599-909E-4FB3-879C-8ACEF347F4F7}"
EndProject
Project("{FAE04EC0-301F-11D3-BF4B-00C04F79EFBC}") = "Test", "Test\Test.csproj", "{512E7E7E-E23A-445E-8F4C-3AAE7AAD0147}"
EndProject
Global
	GlobalSection(SolutionConfigurationPlatforms) = preSolution
		Debug|Any CPU = Debug|Any CPU
		Release|Any CPU = Release|Any CPU
	EndGlobalSection
	GlobalSection(ProjectConfigurationPlatforms) = postSolution
		{40426599-909E-4FB3-879C-8ACEF347F4F7}.Debug|Any CPU.ActiveCfg = Debug|Any CPU
		{40426599-909E-4FB3-879C-8ACEF347F4F7}.Debug|Any CPU.Build.0 = Debug|Any CPU
		{40426599-909E-4FB3-879C-8ACEF347F4F7}.Release|Any CPU.ActiveCfg = Release|Any CPU
		{40426599-909E-4FB3-879C-8ACEF347F4F7}.Release|Any CPU.Build.0 = Release|Any CPU
		{512E7E7E-E23A-445E-8F4C-3AAE7AAD0147}.Debug|Any CPU.ActiveCfg = Debug|Any CPU
		{512E7E7E-E23A-445E-8F4C-3AAE7AAD0147}.Debug|Any CPU.Build.0 = Debug|Any CPU
		{512E7E7E-E23A-445E-8F4C-3AAE7AAD0147}.Release|Any CPU.ActiveCfg = Release|Any CPU
		{512E7E7E-E23A-445E-8F4C-3AAE7AAD0147}.Release|Any CPU.Build.0 = Release|Any CPU
	EndGlobalSection
	GlobalSection(SolutionProperties) = preSolution
		HideSolutionNode = FALSE
	EndGlobalSection
	GlobalSection(ExtensibilityGlobals) = postSolution
		SolutionGuid = {C944DB3F-9C5B-4023-87E6-F87E69F69085}
	EndGlobalSection
EndGlobal
