
Microsoft Visual Studio Solution File, Format Version 12.00
# Visual Studio Version 17
VisualStudioVersion = 17.3.32825.248
MinimumVisualStudioVersion = 10.0.40219.1
Project("{FAE04EC0-301F-11D3-BF4B-00C04F79EFBC}") = "P01.Persons", "P01.Persons\P01.Persons.csproj", "{D8FAC549-9274-4A2A-A92B-8C7DB322A8C4}"
EndProject
Project("{FAE04EC0-301F-11D3-BF4B-00C04F79EFBC}") = "P02.Salary", "P02.Salary\P02.Salary.csproj", "{B1755128-2DEC-4676-B51E-25175D205235}"
EndProject
Project("{FAE04EC0-301F-11D3-BF4B-00C04F79EFBC}") = "P03.Validation", "P03.Validation\P03.Validation.csproj", "{02D8F84E-3071-4910-A0E3-1B8B60BD6FB7}"
EndProject
Project("{FAE04EC0-301F-11D3-BF4B-00C04F79EFBC}") = "P04.Team", "P04.Team\P04.Team.csproj", "{05D22877-DB37-47EC-97F9-B406DF864A74}"
EndProject
Global
	GlobalSection(SolutionConfigurationPlatforms) = preSolution
		Debug|Any CPU = Debug|Any CPU
		Release|Any CPU = Release|Any CPU
	EndGlobalSection
	GlobalSection(ProjectConfigurationPlatforms) = postSolution
		{D8FAC549-9274-4A2A-A92B-8C7DB322A8C4}.Debug|Any CPU.ActiveCfg = Debug|Any CPU
		{D8FAC549-9274-4A2A-A92B-8C7DB322A8C4}.Debug|Any CPU.Build.0 = Debug|Any CPU
		{D8FAC549-9274-4A2A-A92B-8C7DB322A8C4}.Release|Any CPU.ActiveCfg = Release|Any CPU
		{D8FAC549-9274-4A2A-A92B-8C7DB322A8C4}.Release|Any CPU.Build.0 = Release|Any CPU
		{B1755128-2DEC-4676-B51E-25175D205235}.Debug|Any CPU.ActiveCfg = Debug|Any CPU
		{B1755128-2DEC-4676-B51E-25175D205235}.Debug|Any CPU.Build.0 = Debug|Any CPU
		{B1755128-2DEC-4676-B51E-25175D205235}.Release|Any CPU.ActiveCfg = Release|Any CPU
		{B1755128-2DEC-4676-B51E-25175D205235}.Release|Any CPU.Build.0 = Release|Any CPU
		{02D8F84E-3071-4910-A0E3-1B8B60BD6FB7}.Debug|Any CPU.ActiveCfg = Debug|Any CPU
		{02D8F84E-3071-4910-A0E3-1B8B60BD6FB7}.Debug|Any CPU.Build.0 = Debug|Any CPU
		{02D8F84E-3071-4910-A0E3-1B8B60BD6FB7}.Release|Any CPU.ActiveCfg = Release|Any CPU
		{02D8F84E-3071-4910-A0E3-1B8B60BD6FB7}.Release|Any CPU.Build.0 = Release|Any CPU
		{05D22877-DB37-47EC-97F9-B406DF864A74}.Debug|Any CPU.ActiveCfg = Debug|Any CPU
		{05D22877-DB37-47EC-97F9-B406DF864A74}.Debug|Any CPU.Build.0 = Debug|Any CPU
		{05D22877-DB37-47EC-97F9-B406DF864A74}.Release|Any CPU.ActiveCfg = Release|Any CPU
		{05D22877-DB37-47EC-97F9-B406DF864A74}.Release|Any CPU.Build.0 = Release|Any CPU
	EndGlobalSection
	GlobalSection(SolutionProperties) = preSolution
		HideSolutionNode = FALSE
	EndGlobalSection
	GlobalSection(ExtensibilityGlobals) = postSolution
		SolutionGuid = {89E8CBC7-CBD3-46AD-AC00-FAEE351445DA}
	EndGlobalSection
EndGlobal
